PODS:
  - Alamofire (4.8.2)
  - Differentiator (3.1.0)
  - Moya (10.0.2):
    - Moya/Core (= 10.0.2)
  - Moya/Core (10.0.2):
    - Alamofire (~> 4.1)
    - Result (~> 3.0)
  - Moya/RxSwift (10.0.2):
    - Moya/Core
    - RxSwift (~> 4.0)
  - MoyaUnbox/Core (1.0.0):
    - Moya (~> 10.0.2)
    - Unbox (~> 2.4)
  - MoyaUnbox/RxSwift (1.0.0):
    - Moya/RxSwift (~> 10.0.2)
    - MoyaUnbox/Core
    - RxSwift (~> 4.0)
  - "NSObject+Rx (4.4.1)":
    - RxSwift (~> 4.3)
  - PINCache (3.0.1-beta.6):
    - PINCache/Arc-exception-safe (= 3.0.1-beta.6)
    - PINCache/Core (= 3.0.1-beta.6)
  - PINCache/Arc-exception-safe (3.0.1-beta.6):
    - PINCache/Core
  - PINCache/Core (3.0.1-beta.6):
    - PINOperation (~> 1.1.0)
  - PINOperation (1.1.2)
  - PINRemoteImage/Core (3.0.0-beta.13):
    - PINOperation
  - PINRemoteImage/iOS (3.0.0-beta.13):
    - PINRemoteImage/Core
  - PINRemoteImage/PINCache (3.0.0-beta.13):
    - PINCache (= 3.0.1-beta.6)
    - PINRemoteImage/Core
  - Result (3.2.4)
  - RxASDataSources (0.3.3):
    - Differentiator (~> 3.0)
    - RxCocoa (~> 4.0)
    - RxSwift (~> 4.0)
    - Texture (~> 2.5)
  - RxCocoa (4.5.0):
    - RxSwift (>= 4.4.2, ~> 4.4)
  - RxCocoa-Texture (2.5.0):
    - RxCocoa (~> 4.0)
    - RxSwift (~> 4.0)
    - Texture (~> 2.7)
  - RxDataSources (3.1.0):
    - Differentiator (~> 3.0)
    - RxCocoa (~> 4.0)
    - RxSwift (~> 4.0)
  - RxSwift (4.5.0)
  - Texture (2.8.1):
    - Texture/AssetsLibrary (= 2.8.1)
    - Texture/Core (= 2.8.1)
    - Texture/MapKit (= 2.8.1)
    - Texture/Photos (= 2.8.1)
    - Texture/PINRemoteImage (= 2.8.1)
    - Texture/Video (= 2.8.1)
  - Texture/AssetsLibrary (2.8.1):
    - Texture/Core
  - Texture/Core (2.8.1)
  - Texture/MapKit (2.8.1):
    - Texture/Core
  - Texture/Photos (2.8.1):
    - Texture/Core
  - Texture/PINRemoteImage (2.8.1):
    - PINRemoteImage/iOS (= 3.0.0-beta.13)
    - PINRemoteImage/PINCache
    - Texture/Core
  - Texture/Video (2.8.1):
    - Texture/Core
  - Unbox (2.5.0)

DEPENDENCIES:
  - Moya/RxSwift
  - MoyaUnbox/RxSwift (from `https://github.com/esam091/MoyaUnbox`, branch `moya-10`)
  - "NSObject+Rx"
  - RxASDataSources
  - RxCocoa
  - RxCocoa-Texture
  - RxDataSources
  - RxSwift
  - Texture

SPEC REPOS:
  https://github.com/cocoapods/specs.git:
    - Alamofire
    - Differentiator
    - Moya
    - "NSObject+Rx"
    - PINCache
    - PINOperation
    - PINRemoteImage
    - Result
    - RxASDataSources
    - RxCocoa
    - RxCocoa-Texture
    - RxDataSources
    - RxSwift
    - Texture
    - Unbox

EXTERNAL SOURCES:
  MoyaUnbox:
    :branch: moya-10
    :git: https://github.com/esam091/MoyaUnbox

CHECKOUT OPTIONS:
  MoyaUnbox:
    :commit: f4bbb09e434c3fd1c685f3fcb78bf18378d19f1c
    :git: https://github.com/esam091/MoyaUnbox

SPEC CHECKSUMS:
  Alamofire: ae5c501addb7afdbb13687d7f2f722c78734c2d3
  Differentiator: be49ca3408f0ecfc761e4c7763d20c62be01b9ad
  Moya: 2b0531a9fef318e0bc484030c3db1e6f279ccb66
  MoyaUnbox: 9b57f1c0e40e025ff468c07e1406314409376d0f
  "NSObject+Rx": 9884a92f19b610795c431e10b4e601913b59c9e9
  PINCache: d195fdba255283f7e9900a55e3cced377f431f9b
  PINOperation: 24b774353ca248fcf87d67b2d61eef42087c125a
  PINRemoteImage: d6d51c5d2adda55f1ce30c96e850b6c4ebd2856a
  Result: d2d07204ce72856f1fd9130bbe42c35a7b0fea10
  RxASDataSources: 97e3e87f929d7133cda240c3feb2dd2da34e250e
  RxCocoa: cbf70265dc65a981d4ac982e513c10cf23df24a0
  RxCocoa-Texture: 43343949d3d5875b3184112613fb9f183660de45
  RxDataSources: a843bad90c29817f5923ec8163f4af2de084ceb3
  RxSwift: f172070dfd1a93d70a9ab97a5a01166206e1c575
  Texture: 8ecf6984065a1e54f06bf97b349ecca28582acd7
  Unbox: 30e437e6151a6de16139375fd4e8dd9a664cfbf7

PODFILE CHECKSUM: 36e84aceab1f39c43e8980f6716dd83e393fc941

COCOAPODS: 1.7.2
